// !$*UTF8*$!
{
	archiveVersion = 1;
	classes = {
	};
	objectVersion = 50;
	objects = {

/* Begin PBXBuildFile section */
		C201F8D22B6264B67D79C9FE /* Pods_LearnRxSwift.framework in Frameworks */ = {isa = PBXBuildFile; fileRef = FC563C1901FB596ECAADD213 /* Pods_LearnRxSwift.framework */; };
		EC6D7FB120CA110600159695 /* LoginRequest.swift in Sources */ = {isa = PBXBuildFile; fileRef = EC6D7FB020CA110600159695 /* LoginRequest.swift */; };
		EC6D7FB420CA1E2500159695 /* RegularExpression.swift in Sources */ = {isa = PBXBuildFile; fileRef = EC6D7FB320CA1E2500159695 /* RegularExpression.swift */; };
		EC9B281620CE00EC001A4042 /* LearnRxSwiftViewController.swift in Sources */ = {isa = PBXBuildFile; fileRef = EC9B281520CE00EC001A4042 /* LearnRxSwiftViewController.swift */; };
		EC9CC5AD20C768660092E8C9 /* LoginViewModel.swift in Sources */ = {isa = PBXBuildFile; fileRef = EC9CC5AC20C768660092E8C9 /* LoginViewModel.swift */; };
		ECF6C22420C61BB9001851C1 /* AppDelegate.swift in Sources */ = {isa = PBXBuildFile; fileRef = ECF6C22320C61BB9001851C1 /* AppDelegate.swift */; };
		ECF6C22620C61BB9001851C1 /* ViewController.swift in Sources */ = {isa = PBXBuildFile; fileRef = ECF6C22520C61BB9001851C1 /* ViewController.swift */; };
		ECF6C22920C61BB9001851C1 /* Main.storyboard in Resources */ = {isa = PBXBuildFile; fileRef = ECF6C22720C61BB9001851C1 /* Main.storyboard */; };
		ECF6C22B20C61BBA001851C1 /* Assets.xcassets in Resources */ = {isa = PBXBuildFile; fileRef = ECF6C22A20C61BBA001851C1 /* Assets.xcassets */; };
		ECF6C22E20C61BBA001851C1 /* LaunchScreen.storyboard in Resources */ = {isa = PBXBuildFile; fileRef = ECF6C22C20C61BBA001851C1 /* LaunchScreen.storyboard */; };
		ECF6C23920C61BBA001851C1 /* LearnRxSwiftTests.swift in Sources */ = {isa = PBXBuildFile; fileRef = ECF6C23820C61BBA001851C1 /* LearnRxSwiftTests.swift */; };
		ECF6C24620C61D46001851C1 /* Podfile in Resources */ = {isa = PBXBuildFile; fileRef = ECF6C24520C61D46001851C1 /* Podfile */; };
/* End PBXBuildFile section */

/* Begin PBXContainerItemProxy section */
		ECF6C23520C61BBA001851C1 /* PBXContainerItemProxy */ = {
			isa = PBXContainerItemProxy;
			containerPortal = ECF6C21820C61BB9001851C1 /* Project object */;
			proxyType = 1;
			remoteGlobalIDString = ECF6C21F20C61BB9001851C1;
			remoteInfo = LearnRxSwift;
		};
/* End PBXContainerItemProxy section */

/* Begin PBXFileReference section */
		AB7034C73F003E65F42014BB /* Pods-LearnRxSwift.release.xcconfig */ = {isa = PBXFileReference; includeInIndex = 1; lastKnownFileType = text.xcconfig; name = "Pods-LearnRxSwift.release.xcconfig"; path = "Pods/Target Support Files/Pods-LearnRxSwift/Pods-LearnRxSwift.release.xcconfig"; sourceTree = "<group>"; };
		B462CC9A630B8475DC426FAF /* Pods-LearnRxSwift.debug.xcconfig */ = {isa = PBXFileReference; includeInIndex = 1; lastKnownFileType = text.xcconfig; name = "Pods-LearnRxSwift.debug.xcconfig"; path = "Pods/Target Support Files/Pods-LearnRxSwift/Pods-LearnRxSwift.debug.xcconfig"; sourceTree = "<group>"; };
		EC6D7FB020CA110600159695 /* LoginRequest.swift */ = {isa = PBXFileReference; lastKnownFileType = sourcecode.swift; path = LoginRequest.swift; sourceTree = "<group>"; };
		EC6D7FB320CA1E2500159695 /* RegularExpression.swift */ = {isa = PBXFileReference; lastKnownFileType = sourcecode.swift; path = RegularExpression.swift; sourceTree = "<group>"; };
		EC9B281520CE00EC001A4042 /* LearnRxSwiftViewController.swift */ = {isa = PBXFileReference; lastKnownFileType = sourcecode.swift; path = LearnRxSwiftViewController.swift; sourceTree = "<group>"; };
		EC9CC5AC20C768660092E8C9 /* LoginViewModel.swift */ = {isa = PBXFileReference; lastKnownFileType = sourcecode.swift; path = LoginViewModel.swift; sourceTree = "<group>"; };
		ECF6C22020C61BB9001851C1 /* LearnRxSwift.app */ = {isa = PBXFileReference; explicitFileType = wrapper.application; includeInIndex = 0; path = LearnRxSwift.app; sourceTree = BUILT_PRODUCTS_DIR; };
		ECF6C22320C61BB9001851C1 /* AppDelegate.swift */ = {isa = PBXFileReference; lastKnownFileType = sourcecode.swift; path = AppDelegate.swift; sourceTree = "<group>"; };
		ECF6C22520C61BB9001851C1 /* ViewController.swift */ = {isa = PBXFileReference; lastKnownFileType = sourcecode.swift; path = ViewController.swift; sourceTree = "<group>"; };
		ECF6C22820C61BB9001851C1 /* Base */ = {isa = PBXFileReference; lastKnownFileType = file.storyboard; name = Base; path = Base.lproj/Main.storyboard; sourceTree = "<group>"; };
		ECF6C22A20C61BBA001851C1 /* Assets.xcassets */ = {isa = PBXFileReference; lastKnownFileType = folder.assetcatalog; path = Assets.xcassets; sourceTree = "<group>"; };
		ECF6C22D20C61BBA001851C1 /* Base */ = {isa = PBXFileReference; lastKnownFileType = file.storyboard; name = Base; path = Base.lproj/LaunchScreen.storyboard; sourceTree = "<group>"; };
		ECF6C22F20C61BBA001851C1 /* Info.plist */ = {isa = PBXFileReference; lastKnownFileType = text.plist.xml; path = Info.plist; sourceTree = "<group>"; };
		ECF6C23420C61BBA001851C1 /* LearnRxSwiftTests.xctest */ = {isa = PBXFileReference; explicitFileType = wrapper.cfbundle; includeInIndex = 0; path = LearnRxSwiftTests.xctest; sourceTree = BUILT_PRODUCTS_DIR; };
		ECF6C23820C61BBA001851C1 /* LearnRxSwiftTests.swift */ = {isa = PBXFileReference; lastKnownFileType = sourcecode.swift; path = LearnRxSwiftTests.swift; sourceTree = "<group>"; };
		ECF6C23A20C61BBA001851C1 /* Info.plist */ = {isa = PBXFileReference; lastKnownFileType = text.plist.xml; path = Info.plist; sourceTree = "<group>"; };
		ECF6C24520C61D46001851C1 /* Podfile */ = {isa = PBXFileReference; fileEncoding = 4; lastKnownFileType = text; path = Podfile; sourceTree = "<group>"; xcLanguageSpecificationIdentifier = xcode.lang.ruby; };
		FC563C1901FB596ECAADD213 /* Pods_LearnRxSwift.framework */ = {isa = PBXFileReference; explicitFileType = wrapper.framework; includeInIndex = 0; path = Pods_LearnRxSwift.framework; sourceTree = BUILT_PRODUCTS_DIR; };
/* End PBXFileReference section */

/* Begin PBXFrameworksBuildPhase section */
		ECF6C21D20C61BB9001851C1 /* Frameworks */ = {
			isa = PBXFrameworksBuildPhase;
			buildActionMask = 2147483647;
			files = (
				C201F8D22B6264B67D79C9FE /* Pods_LearnRxSwift.framework in Frameworks */,
			);
			runOnlyForDeploymentPostprocessing = 0;
		};
		ECF6C23120C61BBA001851C1 /* Frameworks */ = {
			isa = PBXFrameworksBuildPhase;
			buildActionMask = 2147483647;
			files = (
			);
			runOnlyForDeploymentPostprocessing = 0;
		};
/* End PBXFrameworksBuildPhase section */

/* Begin PBXGroup section */
		12F6AAD4B6E11D00D21C538D /* Frameworks */ = {
			isa = PBXGroup;
			children = (
				FC563C1901FB596ECAADD213 /* Pods_LearnRxSwift.framework */,
			);
			name = Frameworks;
			sourceTree = "<group>";
		};
		D522E46A7C013FA6250AEF89 /* Pods */ = {
			isa = PBXGroup;
			children = (
				B462CC9A630B8475DC426FAF /* Pods-LearnRxSwift.debug.xcconfig */,
				AB7034C73F003E65F42014BB /* Pods-LearnRxSwift.release.xcconfig */,
			);
			name = Pods;
			sourceTree = "<group>";
		};
		EC6D7FAF20CA10B200159695 /* Networking */ = {
			isa = PBXGroup;
			children = (
				EC6D7FB020CA110600159695 /* LoginRequest.swift */,
			);
			path = Networking;
			sourceTree = "<group>";
		};
		EC6D7FB220CA1C7A00159695 /* Utility */ = {
			isa = PBXGroup;
			children = (
				EC6D7FB320CA1E2500159695 /* RegularExpression.swift */,
			);
			path = Utility;
			sourceTree = "<group>";
		};
		EC9CC5AB20C768300092E8C9 /* ViewModel */ = {
			isa = PBXGroup;
			children = (
				EC9CC5AC20C768660092E8C9 /* LoginViewModel.swift */,
			);
			path = ViewModel;
			sourceTree = "<group>";
		};
		ECF6C21720C61BB9001851C1 = {
			isa = PBXGroup;
			children = (
				ECF6C24520C61D46001851C1 /* Podfile */,
				ECF6C22220C61BB9001851C1 /* LearnRxSwift */,
				ECF6C23720C61BBA001851C1 /* LearnRxSwiftTests */,
				ECF6C22120C61BB9001851C1 /* Products */,
				D522E46A7C013FA6250AEF89 /* Pods */,
				12F6AAD4B6E11D00D21C538D /* Frameworks */,
			);
			sourceTree = "<group>";
		};
		ECF6C22120C61BB9001851C1 /* Products */ = {
			isa = PBXGroup;
			children = (
				ECF6C22020C61BB9001851C1 /* LearnRxSwift.app */,
				ECF6C23420C61BBA001851C1 /* LearnRxSwiftTests.xctest */,
			);
			name = Products;
			sourceTree = "<group>";
		};
		ECF6C22220C61BB9001851C1 /* LearnRxSwift */ = {
			isa = PBXGroup;
			children = (
				EC6D7FB220CA1C7A00159695 /* Utility */,
				EC6D7FAF20CA10B200159695 /* Networking */,
				EC9CC5AB20C768300092E8C9 /* ViewModel */,
				ECF6C22320C61BB9001851C1 /* AppDelegate.swift */,
				ECF6C22520C61BB9001851C1 /* ViewController.swift */,
				EC9B281520CE00EC001A4042 /* LearnRxSwiftViewController.swift */,
				ECF6C22720C61BB9001851C1 /* Main.storyboard */,
				ECF6C22A20C61BBA001851C1 /* Assets.xcassets */,
				ECF6C22C20C61BBA001851C1 /* LaunchScreen.storyboard */,
				ECF6C22F20C61BBA001851C1 /* Info.plist */,
			);
			path = LearnRxSwift;
			sourceTree = "<group>";
		};
		ECF6C23720C61BBA001851C1 /* LearnRxSwiftTests */ = {
			isa = PBXGroup;
			children = (
				ECF6C23820C61BBA001851C1 /* LearnRxSwiftTests.swift */,
				ECF6C23A20C61BBA001851C1 /* Info.plist */,
			);
			path = LearnRxSwiftTests;
			sourceTree = "<group>";
		};
/* End PBXGroup section */

/* Begin PBXNativeTarget section */
		ECF6C21F20C61BB9001851C1 /* LearnRxSwift */ = {
			isa = PBXNativeTarget;
			buildConfigurationList = ECF6C23D20C61BBA001851C1 /* Build configuration list for PBXNativeTarget "LearnRxSwift" */;
			buildPhases = (
				5F9D8C3D2B4CAB18C68EAF2E /* [CP] Check Pods Manifest.lock */,
				ECF6C21C20C61BB9001851C1 /* Sources */,
				ECF6C21D20C61BB9001851C1 /* Frameworks */,
				ECF6C21E20C61BB9001851C1 /* Resources */,
				0D6CB8EFE5CC52864204C469 /* [CP] Embed Pods Frameworks */,
			);
			buildRules = (
			);
			dependencies = (
			);
			name = LearnRxSwift;
			productName = LearnRxSwift;
			productReference = ECF6C22020C61BB9001851C1 /* LearnRxSwift.app */;
			productType = "com.apple.product-type.application";
		};
		ECF6C23320C61BBA001851C1 /* LearnRxSwiftTests */ = {
			isa = PBXNativeTarget;
			buildConfigurationList = ECF6C24020C61BBA001851C1 /* Build configuration list for PBXNativeTarget "LearnRxSwiftTests" */;
			buildPhases = (
				ECF6C23020C61BBA001851C1 /* Sources */,
				ECF6C23120C61BBA001851C1 /* Frameworks */,
				ECF6C23220C61BBA001851C1 /* Resources */,
			);
			buildRules = (
			);
			dependencies = (
				ECF6C23620C61BBA001851C1 /* PBXTargetDependency */,
			);
			name = LearnRxSwiftTests;
			productName = LearnRxSwiftTests;
			productReference = ECF6C23420C61BBA001851C1 /* LearnRxSwiftTests.xctest */;
			productType = "com.apple.product-type.bundle.unit-test";
		};
/* End PBXNativeTarget section */

/* Begin PBXProject section */
		ECF6C21820C61BB9001851C1 /* Project object */ = {
			isa = PBXProject;
			attributes = {
				LastSwiftUpdateCheck = 0940;
				LastUpgradeCheck = 0940;
				ORGANIZATIONNAME = NoName;
				TargetAttributes = {
					ECF6C21F20C61BB9001851C1 = {
						CreatedOnToolsVersion = 9.4;
					};
					ECF6C23320C61BBA001851C1 = {
						CreatedOnToolsVersion = 9.4;
						TestTargetID = ECF6C21F20C61BB9001851C1;
					};
				};
			};
			buildConfigurationList = ECF6C21B20C61BB9001851C1 /* Build configuration list for PBXProject "LearnRxSwift" */;
			compatibilityVersion = "Xcode 9.3";
			developmentRegion = en;
			hasScannedForEncodings = 0;
			knownRegions = (
				en,
				Base,
			);
			mainGroup = ECF6C21720C61BB9001851C1;
			productRefGroup = ECF6C22120C61BB9001851C1 /* Products */;
			projectDirPath = "";
			projectRoot = "";
			targets = (
				ECF6C21F20C61BB9001851C1 /* LearnRxSwift */,
				ECF6C23320C61BBA001851C1 /* LearnRxSwiftTests */,
			);
		};
/* End PBXProject section */

/* Begin PBXResourcesBuildPhase section */
		ECF6C21E20C61BB9001851C1 /* Resources */ = {
			isa = PBXResourcesBuildPhase;
			buildActionMask = 2147483647;
			files = (
				ECF6C22E20C61BBA001851C1 /* LaunchScreen.storyboard in Resources */,
				ECF6C22B20C61BBA001851C1 /* Assets.xcassets in Resources */,
				ECF6C24620C61D46001851C1 /* Podfile in Resources */,
				ECF6C22920C61BB9001851C1 /* Main.storyboard in Resources */,
			);
			runOnlyForDeploymentPostprocessing = 0;
		};
		ECF6C23220C61BBA001851C1 /* Resources */ = {
			isa = PBXResourcesBuildPhase;
			buildActionMask = 2147483647;
			files = (
			);
			runOnlyForDeploymentPostprocessing = 0;
		};
/* End PBXResourcesBuildPhase section */

/* Begin PBXShellScriptBuildPhase section */
		0D6CB8EFE5CC52864204C469 /* [CP] Embed Pods Frameworks */ = {
			isa = PBXShellScriptBuildPhase;
			buildActionMask = 2147483647;
			files = (
			);
			inputPaths = (
				"${SRCROOT}/Pods/Target Support Files/Pods-LearnRxSwift/Pods-LearnRxSwift-frameworks.sh",
				"${BUILT_PRODUCTS_DIR}/RxCocoa/RxCocoa.framework",
				"${BUILT_PRODUCTS_DIR}/RxSwift/RxSwift.framework",
			);
			name = "[CP] Embed Pods Frameworks";
			outputPaths = (
				"${TARGET_BUILD_DIR}/${FRAMEWORKS_FOLDER_PATH}/RxCocoa.framework",
				"${TARGET_BUILD_DIR}/${FRAMEWORKS_FOLDER_PATH}/RxSwift.framework",
			);
			runOnlyForDeploymentPostprocessing = 0;
			shellPath = /bin/sh;
			shellScript = "\"${SRCROOT}/Pods/Target Support Files/Pods-LearnRxSwift/Pods-LearnRxSwift-frameworks.sh\"\n";
			showEnvVarsInLog = 0;
		};
		5F9D8C3D2B4CAB18C68EAF2E /* [CP] Check Pods Manifest.lock */ = {
			isa = PBXShellScriptBuildPhase;
			buildActionMask = 2147483647;
			files = (
			);
			inputPaths = (
				"${PODS_PODFILE_DIR_PATH}/Podfile.lock",
				"${PODS_ROOT}/Manifest.lock",
			);
			name = "[CP] Check Pods Manifest.lock";
			outputPaths = (
				"$(DERIVED_FILE_DIR)/Pods-LearnRxSwift-checkManifestLockResult.txt",
			);
			runOnlyForDeploymentPostprocessing = 0;
			shellPath = /bin/sh;
			shellScript = "diff \"${PODS_PODFILE_DIR_PATH}/Podfile.lock\" \"${PODS_ROOT}/Manifest.lock\" > /dev/null\nif [ $? != 0 ] ; then\n    # print error to STDERR\n    echo \"error: The sandbox is not in sync with the Podfile.lock. Run 'pod install' or update your CocoaPods installation.\" >&2\n    exit 1\nfi\n# This output is used by Xcode 'outputs' to avoid re-running this script phase.\necho \"SUCCESS\" > \"${SCRIPT_OUTPUT_FILE_0}\"\n";
			showEnvVarsInLog = 0;
		};
/* End PBXShellScriptBuildPhase section */

/* Begin PBXSourcesBuildPhase section */
		ECF6C21C20C61BB9001851C1 /* Sources */ = {
			isa = PBXSourcesBuildPhase;
			buildActionMask = 2147483647;
			files = (
				EC9B281620CE00EC001A4042 /* LearnRxSwiftViewController.swift in Sources */,
				EC6D7FB420CA1E2500159695 /* RegularExpression.swift in Sources */,
				ECF6C22620C61BB9001851C1 /* ViewController.swift in Sources */,
				ECF6C22420C61BB9001851C1 /* AppDelegate.swift in Sources */,
				EC9CC5AD20C768660092E8C9 /* LoginViewModel.swift in Sources */,
				EC6D7FB120CA110600159695 /* LoginRequest.swift in Sources */,
			);
			runOnlyForDeploymentPostprocessing = 0;
		};
		ECF6C23020C61BBA001851C1 /* Sources */ = {
			isa = PBXSourcesBuildPhase;
			buildActionMask = 2147483647;
			files = (
				ECF6C23920C61BBA001851C1 /* LearnRxSwiftTests.swift in Sources */,
			);
			runOnlyForDeploymentPostprocessing = 0;
		};
/* End PBXSourcesBuildPhase section */

/* Begin PBXTargetDependency section */
		ECF6C23620C61BBA001851C1 /* PBXTargetDependency */ = {
			isa = PBXTargetDependency;
			target = ECF6C21F20C61BB9001851C1 /* LearnRxSwift */;
			targetProxy = ECF6C23520C61BBA001851C1 /* PBXContainerItemProxy */;
		};
/* End PBXTargetDependency section */

/* Begin PBXVariantGroup section */
		ECF6C22720C61BB9001851C1 /* Main.storyboard */ = {
			isa = PBXVariantGroup;
			children = (
				ECF6C22820C61BB9001851C1 /* Base */,
			);
			name = Main.storyboard;
			sourceTree = "<group>";
		};
		ECF6C22C20C61BBA001851C1 /* LaunchScreen.storyboard */ = {
			isa = PBXVariantGroup;
			children = (
				ECF6C22D20C61BBA001851C1 /* Base */,
			);
			name = LaunchScreen.storyboard;
			sourceTree = "<group>";
		};
/* End PBXVariantGroup section */

/* Begin XCBuildConfiguration section */
		ECF6C23B20C61BBA001851C1 /* Debug */ = {
			isa = XCBuildConfiguration;
			buildSettings = {
				ALWAYS_SEARCH_USER_PATHS = NO;
				CLANG_ANALYZER_NONNULL = YES;
				CLANG_ANALYZER_NUMBER_OBJECT_CONVERSION = YES_AGGRESSIVE;
				CLANG_CXX_LANGUAGE_STANDARD = "gnu++14";
				CLANG_CXX_LIBRARY = "libc++";
				CLANG_ENABLE_MODULES = YES;
				CLANG_ENABLE_OBJC_ARC = YES;
				CLANG_ENABLE_OBJC_WEAK = YES;
				CLANG_WARN_BLOCK_CAPTURE_AUTORELEASING = YES;
				CLANG_WARN_BOOL_CONVERSION = YES;
				CLANG_WARN_COMMA = YES;
				CLANG_WARN_CONSTANT_CONVERSION = YES;
				CLANG_WARN_DEPRECATED_OBJC_IMPLEMENTATIONS = YES;
				CLANG_WARN_DIRECT_OBJC_ISA_USAGE = YES_ERROR;
				CLANG_WARN_DOCUMENTATION_COMMENTS = YES;
				CLANG_WARN_EMPTY_BODY = YES;
				CLANG_WARN_ENUM_CONVERSION = YES;
				CLANG_WARN_INFINITE_RECURSION = YES;
				CLANG_WARN_INT_CONVERSION = YES;
				CLANG_WARN_NON_LITERAL_NULL_CONVERSION = YES;
				CLANG_WARN_OBJC_IMPLICIT_RETAIN_SELF = YES;
				CLANG_WARN_OBJC_LITERAL_CONVERSION = YES;
				CLANG_WARN_OBJC_ROOT_CLASS = YES_ERROR;
				CLANG_WARN_RANGE_LOOP_ANALYSIS = YES;
				CLANG_WARN_STRICT_PROTOTYPES = YES;
				CLANG_WARN_SUSPICIOUS_MOVE = YES;
				CLANG_WARN_UNGUARDED_AVAILABILITY = YES_AGGRESSIVE;
				CLANG_WARN_UNREACHABLE_CODE = YES;
				CLANG_WARN__DUPLICATE_METHOD_MATCH = YES;
				CODE_SIGN_IDENTITY = "iPhone Developer";
				COPY_PHASE_STRIP = NO;
				DEBUG_INFORMATION_FORMAT = dwarf;
				ENABLE_STRICT_OBJC_MSGSEND = YES;
				ENABLE_TESTABILITY = YES;
				GCC_C_LANGUAGE_STANDARD = gnu11;
				GCC_DYNAMIC_NO_PIC = NO;
				GCC_NO_COMMON_BLOCKS = YES;
				GCC_OPTIMIZATION_LEVEL = 0;
				GCC_PREPROCESSOR_DEFINITIONS = (
					"DEBUG=1",
					"$(inherited)",
				);
				GCC_WARN_64_TO_32_BIT_CONVERSION = YES;
				GCC_WARN_ABOUT_RETURN_TYPE = YES_ERROR;
				GCC_WARN_UNDECLARED_SELECTOR = YES;
				GCC_WARN_UNINITIALIZED_AUTOS = YES_AGGRESSIVE;
				GCC_WARN_UNUSED_FUNCTION = YES;
				GCC_WARN_UNUSED_VARIABLE = YES;
				IPHONEOS_DEPLOYMENT_TARGET = 11.4;
				MTL_ENABLE_DEBUG_INFO = YES;
				ONLY_ACTIVE_ARCH = YES;
				SDKROOT = iphoneos;
				SWIFT_ACTIVE_COMPILATION_CONDITIONS = DEBUG;
				SWIFT_OPTIMIZATION_LEVEL = "-Onone";
			};
			name = Debug;
		};
		ECF6C23C20C61BBA001851C1 /* Release */ = {
			isa = XCBuildConfiguration;
			buildSettings = {
				ALWAYS_SEARCH_USER_PATHS = NO;
				CLANG_ANALYZER_NONNULL = YES;
				CLANG_ANALYZER_NUMBER_OBJECT_CONVERSION = YES_AGGRESSIVE;
				CLANG_CXX_LANGUAGE_STANDARD = "gnu++14";
				CLANG_CXX_LIBRARY = "libc++";
				CLANG_ENABLE_MODULES = YES;
				CLANG_ENABLE_OBJC_ARC = YES;
				CLANG_ENABLE_OBJC_WEAK = YES;
				CLANG_WARN_BLOCK_CAPTURE_AUTORELEASING = YES;
				CLANG_WARN_BOOL_CONVERSION = YES;
				CLANG_WARN_COMMA = YES;
				CLANG_WARN_CONSTANT_CONVERSION = YES;
				CLANG_WARN_DEPRECATED_OBJC_IMPLEMENTATIONS = YES;
				CLANG_WARN_DIRECT_OBJC_ISA_USAGE = YES_ERROR;
				CLANG_WARN_DOCUMENTATION_COMMENTS = YES;
				CLANG_WARN_EMPTY_BODY = YES;
				CLANG_WARN_ENUM_CONVERSION = YES;
				CLANG_WARN_INFINITE_RECURSION = YES;
				CLANG_WARN_INT_CONVERSION = YES;
				CLANG_WARN_NON_LITERAL_NULL_CONVERSION = YES;
				CLANG_WARN_OBJC_IMPLICIT_RETAIN_SELF = YES;
				CLANG_WARN_OBJC_LITERAL_CONVERSION = YES;
				CLANG_WARN_OBJC_ROOT_CLASS = YES_ERROR;
				CLANG_WARN_RANGE_LOOP_ANALYSIS = YES;
				CLANG_WARN_STRICT_PROTOTYPES = YES;
				CLANG_WARN_SUSPICIOUS_MOVE = YES;
				CLANG_WARN_UNGUARDED_AVAILABILITY = YES_AGGRESSIVE;
				CLANG_WARN_UNREACHABLE_CODE = YES;
				CLANG_WARN__DUPLICATE_METHOD_MATCH = YES;
				CODE_SIGN_IDENTITY = "iPhone Developer";
				COPY_PHASE_STRIP = NO;
				DEBUG_INFORMATION_FORMAT = "dwarf-with-dsym";
				ENABLE_NS_ASSERTIONS = NO;
				ENABLE_STRICT_OBJC_MSGSEND = YES;
				GCC_C_LANGUAGE_STANDARD = gnu11;
				GCC_NO_COMMON_BLOCKS = YES;
				GCC_WARN_64_TO_32_BIT_CONVERSION = YES;
				GCC_WARN_ABOUT_RETURN_TYPE = YES_ERROR;
				GCC_WARN_UNDECLARED_SELECTOR = YES;
				GCC_WARN_UNINITIALIZED_AUTOS = YES_AGGRESSIVE;
				GCC_WARN_UNUSED_FUNCTION = YES;
				GCC_WARN_UNUSED_VARIABLE = YES;
				IPHONEOS_DEPLOYMENT_TARGET = 11.4;
				MTL_ENABLE_DEBUG_INFO = NO;
				SDKROOT = iphoneos;
				SWIFT_COMPILATION_MODE = wholemodule;
				SWIFT_OPTIMIZATION_LEVEL = "-O";
				VALIDATE_PRODUCT = YES;
			};
			name = Release;
		};
		ECF6C23E20C61BBA001851C1 /* Debug */ = {
			isa = XCBuildConfiguration;
			baseConfigurationReference = B462CC9A630B8475DC426FAF /* Pods-LearnRxSwift.debug.xcconfig */;
			buildSettings = {
				ASSETCATALOG_COMPILER_APPICON_NAME = AppIcon;
				CODE_SIGN_STYLE = Automatic;
				DEVELOPMENT_TEAM = MJ7ZVEBB38;
				INFOPLIST_FILE = LearnRxSwift/Info.plist;
				LD_RUNPATH_SEARCH_PATHS = (
					"$(inherited)",
					"@executable_path/Frameworks",
				);
				PRODUCT_BUNDLE_IDENTIFIER = "-0.LearnRxSwift";
				PRODUCT_NAME = "$(TARGET_NAME)";
				SWIFT_VERSION = 4.0;
				TARGETED_DEVICE_FAMILY = "1,2";
			};
			name = Debug;
		};
		ECF6C23F20C61BBA001851C1 /* Release */ = {
			isa = XCBuildConfiguration;
			baseConfigurationReference = AB7034C73F003E65F42014BB /* Pods-LearnRxSwift.release.xcconfig */;
			buildSettings = {
				ASSETCATALOG_COMPILER_APPICON_NAME = AppIcon;
				CODE_SIGN_STYLE = Automatic;
				DEVELOPMENT_TEAM = MJ7ZVEBB38;
				INFOPLIST_FILE = LearnRxSwift/Info.plist;
				LD_RUNPATH_SEARCH_PATHS = (
					"$(inherited)",
					"@executable_path/Frameworks",
				);
				PRODUCT_BUNDLE_IDENTIFIER = "-0.LearnRxSwift";
				PRODUCT_NAME = "$(TARGET_NAME)";
				SWIFT_VERSION = 4.0;
				TARGETED_DEVICE_FAMILY = "1,2";
			};
			name = Release;
		};
		ECF6C24120C61BBA001851C1 /* Debug */ = {
			isa = XCBuildConfiguration;
			buildSettings = {
				ALWAYS_EMBED_SWIFT_STANDARD_LIBRARIES = YES;
				BUNDLE_LOADER = "$(TEST_HOST)";
				CODE_SIGN_STYLE = Automatic;
				DEVELOPMENT_TEAM = MJ7ZVEBB38;
				INFOPLIST_FILE = LearnRxSwiftTests/Info.plist;
				LD_RUNPATH_SEARCH_PATHS = (
					"$(inherited)",
					"@executable_path/Frameworks",
					"@loader_path/Frameworks",
				);
				PRODUCT_BUNDLE_IDENTIFIER = "-0.LearnRxSwiftTests";
				PRODUCT_NAME = "$(TARGET_NAME)";
				SWIFT_VERSION = 4.0;
				TARGETED_DEVICE_FAMILY = "1,2";
				TEST_HOST = "$(BUILT_PRODUCTS_DIR)/LearnRxSwift.app/LearnRxSwift";
			};
			name = Debug;
		};
		ECF6C24220C61BBA001851C1 /* Release */ = {
			isa = XCBuildConfiguration;
			buildSettings = {
				ALWAYS_EMBED_SWIFT_STANDARD_LIBRARIES = YES;
				BUNDLE_LOADER = "$(TEST_HOST)";
				CODE_SIGN_STYLE = Automatic;
				DEVELOPMENT_TEAM = MJ7ZVEBB38;
				INFOPLIST_FILE = LearnRxSwiftTests/Info.plist;
				LD_RUNPATH_SEARCH_PATHS = (
					"$(inherited)",
					"@executable_path/Frameworks",
					"@loader_path/Frameworks",
				);
				PRODUCT_BUNDLE_IDENTIFIER = "-0.LearnRxSwiftTests";
				PRODUCT_NAME = "$(TARGET_NAME)";
				SWIFT_VERSION = 4.0;
				TARGETED_DEVICE_FAMILY = "1,2";
				TEST_HOST = "$(BUILT_PRODUCTS_DIR)/LearnRxSwift.app/LearnRxSwift";
			};
			name = Release;
		};
/* End XCBuildConfiguration section */

/* Begin XCConfigurationList section */
		ECF6C21B20C61BB9001851C1 /* Build configuration list for PBXProject "LearnRxSwift" */ = {
			isa = XCConfigurationList;
			buildConfigurations = (
				ECF6C23B20C61BBA001851C1 /* Debug */,
				ECF6C23C20C61BBA001851C1 /* Release */,
			);
			defaultConfigurationIsVisible = 0;
			defaultConfigurationName = Release;
		};
		ECF6C23D20C61BBA001851C1 /* Build configuration list for PBXNativeTarget "LearnRxSwift" */ = {
			isa = XCConfigurationList;
			buildConfigurations = (
				ECF6C23E20C61BBA001851C1 /* Debug */,
				ECF6C23F20C61BBA001851C1 /* Release */,
			);
			defaultConfigurationIsVisible = 0;
			defaultConfigurationName = Release;
		};
		ECF6C24020C61BBA001851C1 /* Build configuration list for PBXNativeTarget "LearnRxSwiftTests" */ = {
			isa = XCConfigurationList;
			buildConfigurations = (
				ECF6C24120C61BBA001851C1 /* Debug */,
				ECF6C24220C61BBA001851C1 /* Release */,
			);
			defaultConfigurationIsVisible = 0;
			defaultConfigurationName = Release;
		};
/* End XCConfigurationList section */
	};
	rootObject = ECF6C21820C61BB9001851C1 /* Project object */;
}
